
Microsoft Visual Studio Solution File, Format Version 12.00
# Visual Studio Version 16
VisualStudioVersion = 16.0.30011.22
MinimumVisualStudioVersion = 10.0.40219.1
Project("{FAE04EC0-301F-11D3-BF4B-00C04F79EFBC}") = "PdfSharp", "PdfSharp\PdfSharp.csproj", "{5A78492E-BC19-4DBB-B050-AD19D83B0C43}"
EndProject
Global
	GlobalSection(SolutionConfigurationPlatforms) = preSolution
		Debug|Any CPU = Debug|Any CPU
		Release|Any CPU = Release|Any CPU
	EndGlobalSection
	GlobalSection(ProjectConfigurationPlatforms) = postSolution
		{5A78492E-BC19-4DBB-B050-AD19D83B0C43}.Debug|Any CPU.ActiveCfg = Debug|Any CPU
		{5A78492E-BC19-4DBB-B050-AD19D83B0C43}.Debug|Any CPU.Build.0 = Debug|Any CPU
		{5A78492E-BC19-4DBB-B050-AD19D83B0C43}.Release|Any CPU.ActiveCfg = Release|Any CPU
		{5A78492E-BC19-4DBB-B050-AD19D83B0C43}.Release|Any CPU.Build.0 = Release|Any CPU
	EndGlobalSection
	GlobalSection(SolutionProperties) = preSolution
		HideSolutionNode = FALSE
	EndGlobalSection
	GlobalSection(ExtensibilityGlobals) = postSolution
		SolutionGuid = {3CF24E65-7A54-4069-AB03-442EFF7606F5}
	EndGlobalSection
EndGlobal
